
Microsoft Visual Studio Solution File, Format Version 12.00
# Visual Studio Version 17
VisualStudioVersion = 17.14.37027.9 d17.14
MinimumVisualStudioVersion = 10.0.40219.1
Project("{FAE04EC0-301F-11D3-BF4B-00C04F79EFBC}") = "Nest", "Nest\Nest.csproj", "{D57E6085-99D1-452E-88B4-E1E19A52DEF9}"
EndProject
Global
	GlobalSection(SolutionConfigurationPlatforms) = preSolution
		Debug|Any CPU = Debug|Any CPU
		Release|Any CPU = Release|Any CPU
	EndGlobalSection
	GlobalSection(ProjectConfigurationPlatforms) = postSolution
		{D57E6085-99D1-452E-88B4-E1E19A52DEF9}.Debug|Any CPU.ActiveCfg = Debug|Any CPU
		{D57E6085-99D1-452E-88B4-E1E19A52DEF9}.Debug|Any CPU.Build.0 = Debug|Any CPU
		{D57E6085-99D1-452E-88B4-E1E19A52DEF9}.Release|Any CPU.ActiveCfg = Release|Any CPU
		{D57E6085-99D1-452E-88B4-E1E19A52DEF9}.Release|Any CPU.Build.0 = Release|Any CPU
	EndGlobalSection
	GlobalSection(SolutionProperties) = preSolution
		HideSolutionNode = FALSE
	EndGlobalSection
	GlobalSection(ExtensibilityGlobals) = postSolution
		SolutionGuid = {126976F4-83D6-4FD8-8175-DC8DF2C7324D}
	EndGlobalSection
EndGlobal
